
Microsoft Visual Studio Solution File, Format Version 12.00
# Visual Studio Version 16
VisualStudioVersion = 16.0.30204.135
MinimumVisualStudioVersion = 10.0.40219.1
Project("{8BC9CEB8-8B4A-11D0-8D11-00A0C91BC942}") = "VMQMath", "VMQMath\VMQMath.vcxproj", "{3C85D146-8C82-4F11-8DA8-EF15145E5002}"
EndProject
Project("{8BC9CEB8-8B4A-11D0-8D11-00A0C91BC942}") = "VMQMathTesting", "VMQMathTesting\VMQMathTesting.vcxproj", "{395FAA7F-AD18-4772-9187-D930B7A0485B}"
EndProject
Global
	GlobalSection(SolutionConfigurationPlatforms) = preSolution
		Debug|x64 = Debug|x64
		Debug|x86 = Debug|x86
		Release|x64 = Release|x64
		Release|x86 = Release|x86
	EndGlobalSection
	GlobalSection(ProjectConfigurationPlatforms) = postSolution
		{3C85D146-8C82-4F11-8DA8-EF15145E5002}.Debug|x64.ActiveCfg = Debug|x64
		{3C85D146-8C82-4F11-8DA8-EF15145E5002}.Debug|x64.Build.0 = Debug|x64
		{3C85D146-8C82-4F11-8DA8-EF15145E5002}.Debug|x86.ActiveCfg = Debug|Win32
		{3C85D146-8C82-4F11-8DA8-EF15145E5002}.Debug|x86.Build.0 = Debug|Win32
		{3C85D146-8C82-4F11-8DA8-EF15145E5002}.Release|x64.ActiveCfg = Release|x64
		{3C85D146-8C82-4F11-8DA8-EF15145E5002}.Release|x64.Build.0 = Release|x64
		{3C85D146-8C82-4F11-8DA8-EF15145E5002}.Release|x86.ActiveCfg = Release|Win32
		{3C85D146-8C82-4F11-8DA8-EF15145E5002}.Release|x86.Build.0 = Release|Win32
		{395FAA7F-AD18-4772-9187-D930B7A0485B}.Debug|x64.ActiveCfg = Debug|x64
		{395FAA7F-AD18-4772-9187-D930B7A0485B}.Debug|x64.Build.0 = Debug|x64
		{395FAA7F-AD18-4772-9187-D930B7A0485B}.Debug|x86.ActiveCfg = Debug|Win32
		{395FAA7F-AD18-4772-9187-D930B7A0485B}.Debug|x86.Build.0 = Debug|Win32
		{395FAA7F-AD18-4772-9187-D930B7A0485B}.Release|x64.ActiveCfg = Release|x64
		{395FAA7F-AD18-4772-9187-D930B7A0485B}.Release|x64.Build.0 = Release|x64
		{395FAA7F-AD18-4772-9187-D930B7A0485B}.Release|x86.ActiveCfg = Release|Win32
		{395FAA7F-AD18-4772-9187-D930B7A0485B}.Release|x86.Build.0 = Release|Win32
	EndGlobalSection
	GlobalSection(SolutionProperties) = preSolution
		HideSolutionNode = FALSE
	EndGlobalSection
	GlobalSection(ExtensibilityGlobals) = postSolution
		SolutionGuid = {24C8D397-3D3F-4509-9180-24930773651F}
	EndGlobalSection
EndGlobal
